
Microsoft Visual Studio Solution File, Format Version 12.00
# Visual Studio Version 17
VisualStudioVersion = 17.5.33627.172
MinimumVisualStudioVersion = 10.0.40219.1
Project("{9A19103F-16F7-4668-BE54-9A1E7A4F7556}") = "FapSchedule", "FapSchedule.csproj", "{F3B4239D-4DC7-4F43-964C-6197E2F1EBFE}"
EndProject
Global
	GlobalSection(SolutionConfigurationPlatforms) = preSolution
		Debug|Any CPU = Debug|Any CPU
		Release|Any CPU = Release|Any CPU
	EndGlobalSection
	GlobalSection(ProjectConfigurationPlatforms) = postSolution
		{F3B4239D-4DC7-4F43-964C-6197E2F1EBFE}.Debug|Any CPU.ActiveCfg = Debug|Any CPU
		{F3B4239D-4DC7-4F43-964C-6197E2F1EBFE}.Debug|Any CPU.Build.0 = Debug|Any CPU
		{F3B4239D-4DC7-4F43-964C-6197E2F1EBFE}.Release|Any CPU.ActiveCfg = Release|Any CPU
		{F3B4239D-4DC7-4F43-964C-6197E2F1EBFE}.Release|Any CPU.Build.0 = Release|Any CPU
	EndGlobalSection
	GlobalSection(SolutionProperties) = preSolution
		HideSolutionNode = FALSE
	EndGlobalSection
	GlobalSection(ExtensibilityGlobals) = postSolution
		SolutionGuid = {53031433-BE07-471D-9B16-63FCFE371679}
	EndGlobalSection
EndGlobal
